
Microsoft Visual Studio Solution File, Format Version 12.00
# Visual Studio Version 17
VisualStudioVersion = 17.10.35122.118
MinimumVisualStudioVersion = 10.0.40219.1
Project("{FAE04EC0-301F-11D3-BF4B-00C04F79EFBC}") = "LTW06_Bai1", "LTW06_Bai1\LTW06_Bai1.csproj", "{3C5769EE-28C0-49AA-B9BD-E800C26F92DC}"
EndProject
Global
	GlobalSection(SolutionConfigurationPlatforms) = preSolution
		Debug|Any CPU = Debug|Any CPU
		Release|Any CPU = Release|Any CPU
	EndGlobalSection
	GlobalSection(ProjectConfigurationPlatforms) = postSolution
		{3C5769EE-28C0-49AA-B9BD-E800C26F92DC}.Debug|Any CPU.ActiveCfg = Debug|Any CPU
		{3C5769EE-28C0-49AA-B9BD-E800C26F92DC}.Debug|Any CPU.Build.0 = Debug|Any CPU
		{3C5769EE-28C0-49AA-B9BD-E800C26F92DC}.Release|Any CPU.ActiveCfg = Release|Any CPU
		{3C5769EE-28C0-49AA-B9BD-E800C26F92DC}.Release|Any CPU.Build.0 = Release|Any CPU
	EndGlobalSection
	GlobalSection(SolutionProperties) = preSolution
		HideSolutionNode = FALSE
	EndGlobalSection
	GlobalSection(ExtensibilityGlobals) = postSolution
		SolutionGuid = {171DB83F-194D-4A8D-A5E8-725F024D7BE5}
	EndGlobalSection
EndGlobal
