
Microsoft Visual Studio Solution File, Format Version 12.00
# Visual Studio Version 17
VisualStudioVersion = 17.10.35122.118
MinimumVisualStudioVersion = 10.0.40219.1
Project("{FAE04EC0-301F-11D3-BF4B-00C04F79EFBC}") = "LTW05_BTM1", "LTW05_BTM1\LTW05_BTM1.csproj", "{55DD6FFA-1E97-4648-AB00-CF8C29E11AEF}"
EndProject
Project("{FAE04EC0-301F-11D3-BF4B-00C04F79EFBC}") = "LTW05_BTTL2", "LTW_BTTL2\LTW05_BTTL2.csproj", "{BC59A219-8B04-47F6-AEC2-BE96A063FE59}"
EndProject
Global
	GlobalSection(SolutionConfigurationPlatforms) = preSolution
		Debug|Any CPU = Debug|Any CPU
		Release|Any CPU = Release|Any CPU
	EndGlobalSection
	GlobalSection(ProjectConfigurationPlatforms) = postSolution
		{55DD6FFA-1E97-4648-AB00-CF8C29E11AEF}.Debug|Any CPU.ActiveCfg = Debug|Any CPU
		{55DD6FFA-1E97-4648-AB00-CF8C29E11AEF}.Debug|Any CPU.Build.0 = Debug|Any CPU
		{55DD6FFA-1E97-4648-AB00-CF8C29E11AEF}.Release|Any CPU.ActiveCfg = Release|Any CPU
		{55DD6FFA-1E97-4648-AB00-CF8C29E11AEF}.Release|Any CPU.Build.0 = Release|Any CPU
		{BC59A219-8B04-47F6-AEC2-BE96A063FE59}.Debug|Any CPU.ActiveCfg = Debug|Any CPU
		{BC59A219-8B04-47F6-AEC2-BE96A063FE59}.Debug|Any CPU.Build.0 = Debug|Any CPU
		{BC59A219-8B04-47F6-AEC2-BE96A063FE59}.Release|Any CPU.ActiveCfg = Release|Any CPU
		{BC59A219-8B04-47F6-AEC2-BE96A063FE59}.Release|Any CPU.Build.0 = Release|Any CPU
	EndGlobalSection
	GlobalSection(SolutionProperties) = preSolution
		HideSolutionNode = FALSE
	EndGlobalSection
	GlobalSection(ExtensibilityGlobals) = postSolution
		SolutionGuid = {9A2DCE04-3960-42FF-A9B7-14F282EF51EC}
	EndGlobalSection
EndGlobal
