
Microsoft Visual Studio Solution File, Format Version 12.00
# Visual Studio Version 17
VisualStudioVersion = 17.14.37614.0 d17.14
MinimumVisualStudioVersion = 10.0.40219.1
Project("{FAE04EC0-301F-11D3-BF4B-00C04F79EFBC}") = "LTW04_BTTL3", "LTW04_BTTL3.csproj", "{C456E2A7-F51B-459B-9737-FA690734CE53}"
EndProject
Global
	GlobalSection(SolutionConfigurationPlatforms) = preSolution
		Debug|Any CPU = Debug|Any CPU
		Release|Any CPU = Release|Any CPU
	EndGlobalSection
	GlobalSection(ProjectConfigurationPlatforms) = postSolution
		{C456E2A7-F51B-459B-9737-FA690734CE53}.Debug|Any CPU.ActiveCfg = Debug|Any CPU
		{C456E2A7-F51B-459B-9737-FA690734CE53}.Debug|Any CPU.Build.0 = Debug|Any CPU
		{C456E2A7-F51B-459B-9737-FA690734CE53}.Release|Any CPU.ActiveCfg = Release|Any CPU
		{C456E2A7-F51B-459B-9737-FA690734CE53}.Release|Any CPU.Build.0 = Release|Any CPU
	EndGlobalSection
	GlobalSection(SolutionProperties) = preSolution
		HideSolutionNode = FALSE
	EndGlobalSection
	GlobalSection(ExtensibilityGlobals) = postSolution
		SolutionGuid = {668141B0-9EF5-4996-960A-B77D49E8A237}
	EndGlobalSection
EndGlobal
